
Microsoft Visual Studio Solution File, Format Version 12.00
# Visual Studio Version 17
VisualStudioVersion = 17.4.33205.214
MinimumVisualStudioVersion = 10.0.40219.1
Project("{2150E333-8FDC-42A3-9474-1A3956D46DE8}") = "Gateway", "Gateway", "{C53D9884-CAEB-4842-BFFF-105FB6093D73}"
EndProject
Project("{2150E333-8FDC-42A3-9474-1A3956D46DE8}") = "Microservices", "Microservices", "{4DB21DA0-87DE-4909-8501-9ADE1EEEA609}"
EndProject
Project("{9A19103F-16F7-4668-BE54-9A1E7A4F7556}") = "Gateway.Yarp", "src\Gateway\Gateway.Yarp\Gateway.Yarp.csproj", "{E30669B4-BDD3-456F-A6F0-32341D4784FD}"
EndProject
Project("{9A19103F-16F7-4668-BE54-9A1E7A4F7556}") = "Customer.Api", "src\Microservices\Customer.Api\Customer.Api.csproj", "{D7D31E2E-EC53-4218-AE2E-37E261D10649}"
EndProject
Project("{9A19103F-16F7-4668-BE54-9A1E7A4F7556}") = "Product.Api", "src\Microservices\Product.Api\Product.Api.csproj", "{103614C5-07E1-4035-A8E8-132E151D070D}"
EndProject
Project("{2150E333-8FDC-42A3-9474-1A3956D46DE8}") = "k8s", "k8s", "{1FACF704-9D1B-47DB-9E78-F096EC89D1D7}"
	ProjectSection(SolutionItems) = preProject
		k8s\appsettings.Production.json = k8s\appsettings.Production.json
		k8s\product-deployment.yaml = k8s\product-deployment.yaml
		k8s\customer-deployment.yaml = k8s\customer-deployment.yaml
		k8s\customer-service.yaml = k8s\customer-service.yaml
		k8s\product-service.yaml = k8s\product-service.yaml
		k8s\reverseproxy-deployment.yaml = k8s\reverseproxy-deployment.yaml
		k8s\reverseproxy-service.yaml = k8s\reverseproxy-service.yaml
	EndProjectSection
EndProject
Global
	GlobalSection(SolutionConfigurationPlatforms) = preSolution
		Debug|Any CPU = Debug|Any CPU
		Release|Any CPU = Release|Any CPU
	EndGlobalSection
	GlobalSection(ProjectConfigurationPlatforms) = postSolution
		{E30669B4-BDD3-456F-A6F0-32341D4784FD}.Debug|Any CPU.ActiveCfg = Debug|Any CPU
		{E30669B4-BDD3-456F-A6F0-32341D4784FD}.Debug|Any CPU.Build.0 = Debug|Any CPU
		{E30669B4-BDD3-456F-A6F0-32341D4784FD}.Release|Any CPU.ActiveCfg = Release|Any CPU
		{E30669B4-BDD3-456F-A6F0-32341D4784FD}.Release|Any CPU.Build.0 = Release|Any CPU
		{D7D31E2E-EC53-4218-AE2E-37E261D10649}.Debug|Any CPU.ActiveCfg = Debug|Any CPU
		{D7D31E2E-EC53-4218-AE2E-37E261D10649}.Debug|Any CPU.Build.0 = Debug|Any CPU
		{D7D31E2E-EC53-4218-AE2E-37E261D10649}.Release|Any CPU.ActiveCfg = Release|Any CPU
		{D7D31E2E-EC53-4218-AE2E-37E261D10649}.Release|Any CPU.Build.0 = Release|Any CPU
		{103614C5-07E1-4035-A8E8-132E151D070D}.Debug|Any CPU.ActiveCfg = Debug|Any CPU
		{103614C5-07E1-4035-A8E8-132E151D070D}.Debug|Any CPU.Build.0 = Debug|Any CPU
		{103614C5-07E1-4035-A8E8-132E151D070D}.Release|Any CPU.ActiveCfg = Release|Any CPU
		{103614C5-07E1-4035-A8E8-132E151D070D}.Release|Any CPU.Build.0 = Release|Any CPU
	EndGlobalSection
	GlobalSection(SolutionProperties) = preSolution
		HideSolutionNode = FALSE
	EndGlobalSection
	GlobalSection(NestedProjects) = preSolution
		{E30669B4-BDD3-456F-A6F0-32341D4784FD} = {C53D9884-CAEB-4842-BFFF-105FB6093D73}
		{D7D31E2E-EC53-4218-AE2E-37E261D10649} = {4DB21DA0-87DE-4909-8501-9ADE1EEEA609}
		{103614C5-07E1-4035-A8E8-132E151D070D} = {4DB21DA0-87DE-4909-8501-9ADE1EEEA609}
	EndGlobalSection
	GlobalSection(ExtensibilityGlobals) = postSolution
		SolutionGuid = {84705F93-F9B9-4B3E-BB91-54FFE1249C07}
	EndGlobalSection
EndGlobal
